
Microsoft Visual Studio Solution File, Format Version 12.00
# Visual Studio Version 17
VisualStudioVersion = 17.1.32414.318
MinimumVisualStudioVersion = 10.0.40219.1
Project("{FAE04EC0-301F-11D3-BF4B-00C04F79EFBC}") = "interfacesCara", "interfacesCara\interfacesCara.csproj", "{FB9F93B9-50A4-4FEA-AF02-0C7D79394EC8}"
EndProject
Global
	GlobalSection(SolutionConfigurationPlatforms) = preSolution
		Debug|Any CPU = Debug|Any CPU
		Release|Any CPU = Release|Any CPU
	EndGlobalSection
	GlobalSection(ProjectConfigurationPlatforms) = postSolution
		{FB9F93B9-50A4-4FEA-AF02-0C7D79394EC8}.Debug|Any CPU.ActiveCfg = Debug|Any CPU
		{FB9F93B9-50A4-4FEA-AF02-0C7D79394EC8}.Debug|Any CPU.Build.0 = Debug|Any CPU
		{FB9F93B9-50A4-4FEA-AF02-0C7D79394EC8}.Release|Any CPU.ActiveCfg = Release|Any CPU
		{FB9F93B9-50A4-4FEA-AF02-0C7D79394EC8}.Release|Any CPU.Build.0 = Release|Any CPU
	EndGlobalSection
	GlobalSection(SolutionProperties) = preSolution
		HideSolutionNode = FALSE
	EndGlobalSection
	GlobalSection(ExtensibilityGlobals) = postSolution
		SolutionGuid = {E08D4469-0600-429F-B1E2-73B23973727E}
	EndGlobalSection
EndGlobal
